SITE
  remote: http://community.opscode.com/api/v1
  specs:
    apt (1.9.0)
    aws (0.100.6)
    build-essential (1.3.4)
    chef_handler (1.1.4)
    database (1.3.12)
      aws (>= 0.0.0)
      mysql (>= 1.3.0)
      postgresql (>= 1.0.0)
      xfs (>= 0.0.0)
    dmg (1.1.0)
    git (2.3.0)
      build-essential (>= 0.0.0)
      dmg (>= 0.0.0)
      runit (~> 1.0)
      windows (>= 0.0.0)
      yum (>= 0.0.0)
    memcached (1.3.0)
      runit (~> 1.0)
      yum (>= 0.0.0)
    mysql (2.1.2)
      build-essential (>= 0.0.0)
      openssl (>= 0.0.0)
    nodejs (1.1.0)
      apt (>= 0.0.0)
      build-essential (>= 0.0.0)
    openssl (1.0.2)
    postgresql (2.2.2)
      openssl (>= 0.0.0)
    ruby_build (0.7.2)
    runit (1.1.0)
      build-essential (>= 0.0.0)
    sqlite (1.0.0)
    windows (1.8.4)
      chef_handler (>= 0.0.0)
    xfs (1.1.0)
    yum (2.1.0)

GIT
  remote: git://github.com/fnichol/chef-rbenv.git
  ref: v0.7.2
  sha: f2b53292e810dd2b43f6121f9958f5f29979dcb1
  specs:
    rbenv (0.7.2)

DEPENDENCIES
  database (>= 0)
  git (>= 0)
  memcached (>= 0)
  mysql (>= 0)
  nodejs (>= 0)
  postgresql (>= 0)
  rbenv (>= 0)
  ruby_build (>= 0)
  sqlite (>= 0)

